// !$*UTF8*$!
{
	archiveVersion = 1;
	classes = {
	};
	objectVersion = 46;
	objects = {

/* Begin PBXBuildFile section */
		AC30DBBC14BAE10D00BA5751 /* NerdDinners.m in Sources */ = {isa = PBXBuildFile; fileRef = AC30DBBB14BAE10D00BA5751 /* NerdDinners.m */; };
		AC66CE4714BF9E740098E1F1 /* ApplicationCell.m in Sources */ = {isa = PBXBuildFile; fileRef = AC66CE3E14BF9E740098E1F1 /* ApplicationCell.m */; };
		AC66CE4814BF9E740098E1F1 /* CompositeSubviewBasedApplicationCell.m in Sources */ = {isa = PBXBuildFile; fileRef = AC66CE4014BF9E740098E1F1 /* CompositeSubviewBasedApplicationCell.m */; };
		AC66CE4914BF9E740098E1F1 /* HybridSubviewBasedApplicationCell.m in Sources */ = {isa = PBXBuildFile; fileRef = AC66CE4214BF9E740098E1F1 /* HybridSubviewBasedApplicationCell.m */; };
		AC66CE4A14BF9E740098E1F1 /* IndividualSubviewsBasedApplicationCell.m in Sources */ = {isa = PBXBuildFile; fileRef = AC66CE4414BF9E740098E1F1 /* IndividualSubviewsBasedApplicationCell.m */; };
		AC66CE4B14BF9E740098E1F1 /* RatingView.m in Sources */ = {isa = PBXBuildFile; fileRef = AC66CE4614BF9E740098E1F1 /* RatingView.m */; };
		AC66CE5014BF9E860098E1F1 /* DarkBackground.png in Resources */ = {isa = PBXBuildFile; fileRef = AC66CE4C14BF9E860098E1F1 /* DarkBackground.png */; };
		AC66CE5114BF9E860098E1F1 /* LightBackground.png in Resources */ = {isa = PBXBuildFile; fileRef = AC66CE4D14BF9E860098E1F1 /* LightBackground.png */; };
		AC66CE5214BF9E860098E1F1 /* StarsBackground.png in Resources */ = {isa = PBXBuildFile; fileRef = AC66CE4E14BF9E860098E1F1 /* StarsBackground.png */; };
		AC66CE5314BF9E860098E1F1 /* StarsForeground.png in Resources */ = {isa = PBXBuildFile; fileRef = AC66CE4F14BF9E860098E1F1 /* StarsForeground.png */; };
		AC66CE5514BF9E9F0098E1F1 /* IndividualSubviewsBasedApplicationCell.xib in Resources */ = {isa = PBXBuildFile; fileRef = AC66CE5414BF9E9F0098E1F1 /* IndividualSubviewsBasedApplicationCell.xib */; };
		AC66CED514C21E500098E1F1 /* License.rtf in Resources */ = {isa = PBXBuildFile; fileRef = AC66CED414C21E4F0098E1F1 /* License.rtf */; };
		AC66CED714C222470098E1F1 /* Dinner.png in Resources */ = {isa = PBXBuildFile; fileRef = AC66CED614C222470098E1F1 /* Dinner.png */; };
		AC66CF1D14C246F30098E1F1 /* Icon-72.png in Resources */ = {isa = PBXBuildFile; fileRef = AC66CF1514C246F30098E1F1 /* Icon-72.png */; };
		AC66CF1E14C246F30098E1F1 /* Icon-Small-50.png in Resources */ = {isa = PBXBuildFile; fileRef = AC66CF1614C246F30098E1F1 /* Icon-Small-50.png */; };
		AC66CF1F14C246F30098E1F1 /* Icon-Small.png in Resources */ = {isa = PBXBuildFile; fileRef = AC66CF1714C246F30098E1F1 /* Icon-Small.png */; };
		AC66CF2014C246F30098E1F1 /* Icon-Small@2x.png in Resources */ = {isa = PBXBuildFile; fileRef = AC66CF1814C246F30098E1F1 /* Icon-Small@2x.png */; };
		AC66CF2114C246F30098E1F1 /* Icon.png in Resources */ = {isa = PBXBuildFile; fileRef = AC66CF1914C246F30098E1F1 /* Icon.png */; };
		AC66CF2214C246F30098E1F1 /* Icon@2x.png in Resources */ = {isa = PBXBuildFile; fileRef = AC66CF1A14C246F30098E1F1 /* Icon@2x.png */; };
		AC66CF2314C246F30098E1F1 /* Icon512px.png in Resources */ = {isa = PBXBuildFile; fileRef = AC66CF1B14C246F30098E1F1 /* Icon512px.png */; };
		AC66CF2414C246F30098E1F1 /* iTunesArtwork in Resources */ = {isa = PBXBuildFile; fileRef = AC66CF1C14C246F30098E1F1 /* iTunesArtwork */; };
		AC66CF2714C246FF0098E1F1 /* Default.png in Resources */ = {isa = PBXBuildFile; fileRef = AC66CF2514C246FF0098E1F1 /* Default.png */; };
		AC66CF2814C246FF0098E1F1 /* Default@2X.png in Resources */ = {isa = PBXBuildFile; fileRef = AC66CF2614C246FF0098E1F1 /* Default@2X.png */; };
		AC7CF87314BAFBEE00AC5F92 /* MBProgressHUD.m in Sources */ = {isa = PBXBuildFile; fileRef = AC7CF87214BAFBEE00AC5F92 /* MBProgressHUD.m */; };
		AC7CF87714BAFEDE00AC5F92 /* GradientButton.m in Sources */ = {isa = PBXBuildFile; fileRef = AC7CF87614BAFEDD00AC5F92 /* GradientButton.m */; };
		ACBD0EEB14BBB01A00C2FC3C /* ButtonCell.m in Sources */ = {isa = PBXBuildFile; fileRef = ACBD0ECE14BBB01A00C2FC3C /* ButtonCell.m */; };
		ACBD0EEC14BBB01A00C2FC3C /* ButtonCell.xib in Resources */ = {isa = PBXBuildFile; fileRef = ACBD0ECF14BBB01A00C2FC3C /* ButtonCell.xib */; };
		ACBD0EED14BBB01A00C2FC3C /* LabelCell+Selectable.m in Sources */ = {isa = PBXBuildFile; fileRef = ACBD0ED114BBB01A00C2FC3C /* LabelCell+Selectable.m */; };
		ACBD0EEE14BBB01A00C2FC3C /* LabelCell.m in Sources */ = {isa = PBXBuildFile; fileRef = ACBD0ED314BBB01A00C2FC3C /* LabelCell.m */; };
		ACBD0EEF14BBB01A00C2FC3C /* NibCell.xib in Resources */ = {isa = PBXBuildFile; fileRef = ACBD0ED414BBB01A00C2FC3C /* NibCell.xib */; };
		ACBD0EF014BBB01A00C2FC3C /* NibLoadedCell.m in Sources */ = {isa = PBXBuildFile; fileRef = ACBD0ED614BBB01A00C2FC3C /* NibLoadedCell.m */; };
		ACBD0EF114BBB01A00C2FC3C /* TextFieldCell.m in Sources */ = {isa = PBXBuildFile; fileRef = ACBD0ED814BBB01A00C2FC3C /* TextFieldCell.m */; };
		ACBD0EF214BBB01A00C2FC3C /* GradientBackgroundTable.m in Sources */ = {isa = PBXBuildFile; fileRef = ACBD0EDB14BBB01A00C2FC3C /* GradientBackgroundTable.m */; };
		ACBD0EF314BBB01A00C2FC3C /* DetailDisclosureCell.m in Sources */ = {isa = PBXBuildFile; fileRef = ACBD0EDE14BBB01A00C2FC3C /* DetailDisclosureCell.m */; };
		ACBD0EF514BBB01A00C2FC3C /* PageCell.m in Sources */ = {isa = PBXBuildFile; fileRef = ACBD0EE314BBB01A00C2FC3C /* PageCell.m */; };
		ACBD0EF614BBB01A00C2FC3C /* PageCellBackground.m in Sources */ = {isa = PBXBuildFile; fileRef = ACBD0EE514BBB01A00C2FC3C /* PageCellBackground.m */; };
		ACBD0EF714BBB01A00C2FC3C /* PageViewController.m in Sources */ = {isa = PBXBuildFile; fileRef = ACBD0EE714BBB01A00C2FC3C /* PageViewController.m */; };
		ACBD0EF814BBB01A00C2FC3C /* RoundRect.m in Sources */ = {isa = PBXBuildFile; fileRef = ACBD0EEA14BBB01A00C2FC3C /* RoundRect.m */; };
		ACBD0F3A14BC2FE200C2FC3C /* LocationDetailViewController.m in Sources */ = {isa = PBXBuildFile; fileRef = ACBD0F3914BC2FE200C2FC3C /* LocationDetailViewController.m */; };
		ACC7984014A392E700021C5B /* CoreLocation.framework in Frameworks */ = {isa = PBXBuildFile; fileRef = ACC7983F14A392E700021C5B /* CoreLocation.framework */; };
		ACC7984214A392ED00021C5B /* MapKit.framework in Frameworks */ = {isa = PBXBuildFile; fileRef = ACC7984114A392ED00021C5B /* MapKit.framework */; };
		ACC7984614A3930200021C5B /* MapViewController.m in Sources */ = {isa = PBXBuildFile; fileRef = ACC7984414A3930100021C5B /* MapViewController.m */; };
		ACC7984714A3930200021C5B /* MapViewController.xib in Resources */ = {isa = PBXBuildFile; fileRef = ACC7984514A3930100021C5B /* MapViewController.xib */; };
		ACC7992614A4998D00021C5B /* DinnerTypes.plist in Resources */ = {isa = PBXBuildFile; fileRef = ACC7992414A4998D00021C5B /* DinnerTypes.plist */; };
		ACC7992914A49C2400021C5B /* RifiutiTypes.plist in Resources */ = {isa = PBXBuildFile; fileRef = ACC7992814A49C2400021C5B /* RifiutiTypes.plist */; };
		ACC7992C14A4C0A400021C5B /* MapAnnotationDefault.m in Sources */ = {isa = PBXBuildFile; fileRef = ACC7992B14A4C0A400021C5B /* MapAnnotationDefault.m */; };
		ACF2BEB814A377AD0038F290 /* UIKit.framework in Frameworks */ = {isa = PBXBuildFile; fileRef = ACF2BEB714A377AD0038F290 /* UIKit.framework */; };
		ACF2BEBA14A377AD0038F290 /* Foundation.framework in Frameworks */ = {isa = PBXBuildFile; fileRef = ACF2BEB914A377AD0038F290 /* Foundation.framework */; };
		ACF2BEBC14A377AD0038F290 /* CoreGraphics.framework in Frameworks */ = {isa = PBXBuildFile; fileRef = ACF2BEBB14A377AD0038F290 /* CoreGraphics.framework */; };
		ACF2BEC214A377AE0038F290 /* InfoPlist.strings in Resources */ = {isa = PBXBuildFile; fileRef = ACF2BEC014A377AE0038F290 /* InfoPlist.strings */; };
		ACF2BEC414A377AE0038F290 /* main.m in Sources */ = {isa = PBXBuildFile; fileRef = ACF2BEC314A377AE0038F290 /* main.m */; };
		ACF2BEC814A377AE0038F290 /* AppDelegate.m in Sources */ = {isa = PBXBuildFile; fileRef = ACF2BEC714A377AE0038F290 /* AppDelegate.m */; };
		ACF2BECB14A377AE0038F290 /* MasterViewController.m in Sources */ = {isa = PBXBuildFile; fileRef = ACF2BECA14A377AE0038F290 /* MasterViewController.m */; };
		ACF2BED114A377AE0038F290 /* MasterViewController.xib in Resources */ = {isa = PBXBuildFile; fileRef = ACF2BECF14A377AE0038F290 /* MasterViewController.xib */; };
		ACF2BF2014A380A30038F290 /* libMSODataLib.a in Frameworks */ = {isa = PBXBuildFile; fileRef = ACF2BEE214A37FE90038F290 /* libMSODataLib.a */; };
/* End PBXBuildFile section */

/* Begin PBXContainerItemProxy section */
		ACF2BEE114A37FE90038F290 /* PBXContainerItemProxy */ = {
			isa = PBXContainerItemProxy;
			containerPortal = ACF2BEDA14A37FE80038F290 /* MSODataLib.xcodeproj */;
			proxyType = 2;
			remoteGlobalIDString = D2AAC07E0554694100DB518D;
			remoteInfo = MSODataLib;
		};
/* End PBXContainerItemProxy section */

/* Begin PBXFileReference section */
		AC30DBBA14BAE10D00BA5751 /* NerdDinners.h */ = {isa = PBXFileReference; fileEncoding = 4; lastKnownFileType = sourcecode.c.h; path = NerdDinners.h; sourceTree = "<group>"; };
		AC30DBBB14BAE10D00BA5751 /* NerdDinners.m */ = {isa = PBXFileReference; fileEncoding = 4; lastKnownFileType = sourcecode.c.objc; path = NerdDinners.m; sourceTree = "<group>"; };
		AC66CE3D14BF9E740098E1F1 /* ApplicationCell.h */ = {isa = PBXFileReference; fileEncoding = 4; lastKnownFileType = sourcecode.c.h; name = ApplicationCell.h; path = NerdDinner/CustomTableViewCells/ApplicationCell.h; sourceTree = "<group>"; };
		AC66CE3E14BF9E740098E1F1 /* ApplicationCell.m */ = {isa = PBXFileReference; fileEncoding = 4; lastKnownFileType = sourcecode.c.objc; name = ApplicationCell.m; path = NerdDinner/CustomTableViewCells/ApplicationCell.m; sourceTree = "<group>"; };
		AC66CE3F14BF9E740098E1F1 /* CompositeSubviewBasedApplicationCell.h */ = {isa = PBXFileReference; fileEncoding = 4; lastKnownFileType = sourcecode.c.h; name = CompositeSubviewBasedApplicationCell.h; path = NerdDinner/CustomTableViewCells/CompositeSubviewBasedApplicationCell.h; sourceTree = "<group>"; };
		AC66CE4014BF9E740098E1F1 /* CompositeSubviewBasedApplicationCell.m */ = {isa = PBXFileReference; fileEncoding = 4; lastKnownFileType = sourcecode.c.objc; name = CompositeSubviewBasedApplicationCell.m; path = NerdDinner/CustomTableViewCells/CompositeSubviewBasedApplicationCell.m; sourceTree = "<group>"; };
		AC66CE4114BF9E740098E1F1 /* HybridSubviewBasedApplicationCell.h */ = {isa = PBXFileReference; fileEncoding = 4; lastKnownFileType = sourcecode.c.h; name = HybridSubviewBasedApplicationCell.h; path = NerdDinner/CustomTableViewCells/HybridSubviewBasedApplicationCell.h; sourceTree = "<group>"; };
		AC66CE4214BF9E740098E1F1 /* HybridSubviewBasedApplicationCell.m */ = {isa = PBXFileReference; fileEncoding = 4; lastKnownFileType = sourcecode.c.objc; name = HybridSubviewBasedApplicationCell.m; path = NerdDinner/CustomTableViewCells/HybridSubviewBasedApplicationCell.m; sourceTree = "<group>"; };
		AC66CE4314BF9E740098E1F1 /* IndividualSubviewsBasedApplicationCell.h */ = {isa = PBXFileReference; fileEncoding = 4; lastKnownFileType = sourcecode.c.h; name = IndividualSubviewsBasedApplicationCell.h; path = NerdDinner/CustomTableViewCells/IndividualSubviewsBasedApplicationCell.h; sourceTree = "<group>"; };
		AC66CE4414BF9E740098E1F1 /* IndividualSubviewsBasedApplicationCell.m */ = {isa = PBXFileReference; fileEncoding = 4; lastKnownFileType = sourcecode.c.objc; name = IndividualSubviewsBasedApplicationCell.m; path = NerdDinner/CustomTableViewCells/IndividualSubviewsBasedApplicationCell.m; sourceTree = "<group>"; };
		AC66CE4514BF9E740098E1F1 /* RatingView.h */ = {isa = PBXFileReference; fileEncoding = 4; lastKnownFileType = sourcecode.c.h; name = RatingView.h; path = NerdDinner/CustomTableViewCells/RatingView.h; sourceTree = "<group>"; };
		AC66CE4614BF9E740098E1F1 /* RatingView.m */ = {isa = PBXFileReference; fileEncoding = 4; lastKnownFileType = sourcecode.c.objc; name = RatingView.m; path = NerdDinner/CustomTableViewCells/RatingView.m; sourceTree = "<group>"; };
		AC66CE4C14BF9E860098E1F1 /* DarkBackground.png */ = {isa = PBXFileReference; lastKnownFileType = image.png; name = DarkBackground.png; path = NerdDinner/CustomTableViewCells/DarkBackground.png; sourceTree = "<group>"; };
		AC66CE4D14BF9E860098E1F1 /* LightBackground.png */ = {isa = PBXFileReference; lastKnownFileType = image.png; name = LightBackground.png; path = NerdDinner/CustomTableViewCells/LightBackground.png; sourceTree = "<group>"; };
		AC66CE4E14BF9E860098E1F1 /* StarsBackground.png */ = {isa = PBXFileReference; lastKnownFileType = image.png; name = StarsBackground.png; path = NerdDinner/CustomTableViewCells/StarsBackground.png; sourceTree = "<group>"; };
		AC66CE4F14BF9E860098E1F1 /* StarsForeground.png */ = {isa = PBXFileReference; lastKnownFileType = image.png; name = StarsForeground.png; path = NerdDinner/CustomTableViewCells/StarsForeground.png; sourceTree = "<group>"; };
		AC66CE5414BF9E9F0098E1F1 /* IndividualSubviewsBasedApplicationCell.xib */ = {isa = PBXFileReference; fileEncoding = 4; lastKnownFileType = file.xib; name = IndividualSubviewsBasedApplicationCell.xib; path = NerdDinner/CustomTableViewCells/IndividualSubviewsBasedApplicationCell.xib; sourceTree = "<group>"; };
		AC66CED414C21E4F0098E1F1 /* License.rtf */ = {isa = PBXFileReference; fileEncoding = 4; lastKnownFileType = text.rtf; name = License.rtf; path = NerdDinner/License.rtf; sourceTree = "<group>"; };
		AC66CED614C222470098E1F1 /* Dinner.png */ = {isa = PBXFileReference; lastKnownFileType = image.png; name = Dinner.png; path = NerdDinner/Images/Dinner.png; sourceTree = "<group>"; };
		AC66CF1514C246F30098E1F1 /* Icon-72.png */ = {isa = PBXFileReference; lastKnownFileType = image.png; name = "Icon-72.png"; path = "NerdDinner/Images/Icon-72.png"; sourceTree = "<group>"; };
		AC66CF1614C246F30098E1F1 /* Icon-Small-50.png */ = {isa = PBXFileReference; lastKnownFileType = image.png; name = "Icon-Small-50.png"; path = "NerdDinner/Images/Icon-Small-50.png"; sourceTree = "<group>"; };
		AC66CF1714C246F30098E1F1 /* Icon-Small.png */ = {isa = PBXFileReference; lastKnownFileType = image.png; name = "Icon-Small.png"; path = "NerdDinner/Images/Icon-Small.png"; sourceTree = "<group>"; };
		AC66CF1814C246F30098E1F1 /* Icon-Small@2x.png */ = {isa = PBXFileReference; lastKnownFileType = image.png; name = "Icon-Small@2x.png"; path = "NerdDinner/Images/Icon-Small@2x.png"; sourceTree = "<group>"; };
		AC66CF1914C246F30098E1F1 /* Icon.png */ = {isa = PBXFileReference; lastKnownFileType = image.png; name = Icon.png; path = NerdDinner/Images/Icon.png; sourceTree = "<group>"; };
		AC66CF1A14C246F30098E1F1 /* Icon@2x.png */ = {isa = PBXFileReference; lastKnownFileType = image.png; name = "Icon@2x.png"; path = "NerdDinner/Images/Icon@2x.png"; sourceTree = "<group>"; };
		AC66CF1B14C246F30098E1F1 /* Icon512px.png */ = {isa = PBXFileReference; lastKnownFileType = image.png; name = Icon512px.png; path = NerdDinner/Images/Icon512px.png; sourceTree = "<group>"; };
		AC66CF1C14C246F30098E1F1 /* iTunesArtwork */ = {isa = PBXFileReference; lastKnownFileType = file; name = iTunesArtwork; path = NerdDinner/Images/iTunesArtwork; sourceTree = "<group>"; };
		AC66CF2514C246FF0098E1F1 /* Default.png */ = {isa = PBXFileReference; lastKnownFileType = image.png; name = Default.png; path = NerdDinner/Images/Default.png; sourceTree = "<group>"; };
		AC66CF2614C246FF0098E1F1 /* Default@2X.png */ = {isa = PBXFileReference; lastKnownFileType = image.png; name = "Default@2X.png"; path = "NerdDinner/Images/Default@2X.png"; sourceTree = "<group>"; };
		AC7CF87114BAFBEE00AC5F92 /* MBProgressHUD.h */ = {isa = PBXFileReference; fileEncoding = 4; lastKnownFileType = sourcecode.c.h; name = MBProgressHUD.h; path = ../../github/maggixMBProgressHUD/MBProgressHUD.h; sourceTree = "<group>"; };
		AC7CF87214BAFBEE00AC5F92 /* MBProgressHUD.m */ = {isa = PBXFileReference; fileEncoding = 4; lastKnownFileType = sourcecode.c.objc; name = MBProgressHUD.m; path = ../../github/maggixMBProgressHUD/MBProgressHUD.m; sourceTree = "<group>"; };
		AC7CF87514BAFEDD00AC5F92 /* GradientButton.h */ = {isa = PBXFileReference; fileEncoding = 4; lastKnownFileType = sourcecode.c.h; name = GradientButton.h; path = ../../github/maggixMBProgressHUD/Demo/GradientButton.h; sourceTree = "<group>"; };
		AC7CF87614BAFEDD00AC5F92 /* GradientButton.m */ = {isa = PBXFileReference; fileEncoding = 4; lastKnownFileType = sourcecode.c.objc; name = GradientButton.m; path = ../../github/maggixMBProgressHUD/Demo/GradientButton.m; sourceTree = "<group>"; };
		ACBD0ECD14BBB01A00C2FC3C /* ButtonCell.h */ = {isa = PBXFileReference; fileEncoding = 4; lastKnownFileType = sourcecode.c.h; path = ButtonCell.h; sourceTree = "<group>"; };
		ACBD0ECE14BBB01A00C2FC3C /* ButtonCell.m */ = {isa = PBXFileReference; fileEncoding = 4; lastKnownFileType = sourcecode.c.objc; path = ButtonCell.m; sourceTree = "<group>"; };
		ACBD0ECF14BBB01A00C2FC3C /* ButtonCell.xib */ = {isa = PBXFileReference; fileEncoding = 4; lastKnownFileType = file.xib; path = ButtonCell.xib; sourceTree = "<group>"; };
		ACBD0ED014BBB01A00C2FC3C /* LabelCell+Selectable.h */ = {isa = PBXFileReference; fileEncoding = 4; lastKnownFileType = sourcecode.c.h; path = "LabelCell+Selectable.h"; sourceTree = "<group>"; };
		ACBD0ED114BBB01A00C2FC3C /* LabelCell+Selectable.m */ = {isa = PBXFileReference; fileEncoding = 4; lastKnownFileType = sourcecode.c.objc; path = "LabelCell+Selectable.m"; sourceTree = "<group>"; };
		ACBD0ED214BBB01A00C2FC3C /* LabelCell.h */ = {isa = PBXFileReference; fileEncoding = 4; lastKnownFileType = sourcecode.c.h; path = LabelCell.h; sourceTree = "<group>"; };
		ACBD0ED314BBB01A00C2FC3C /* LabelCell.m */ = {isa = PBXFileReference; fileEncoding = 4; lastKnownFileType = sourcecode.c.objc; path = LabelCell.m; sourceTree = "<group>"; };
		ACBD0ED414BBB01A00C2FC3C /* NibCell.xib */ = {isa = PBXFileReference; fileEncoding = 4; lastKnownFileType = file.xib; path = NibCell.xib; sourceTree = "<group>"; };
		ACBD0ED514BBB01A00C2FC3C /* NibLoadedCell.h */ = {isa = PBXFileReference; fileEncoding = 4; lastKnownFileType = sourcecode.c.h; path = NibLoadedCell.h; sourceTree = "<group>"; };
		ACBD0ED614BBB01A00C2FC3C /* NibLoadedCell.m */ = {isa = PBXFileReference; fileEncoding = 4; lastKnownFileType = sourcecode.c.objc; path = NibLoadedCell.m; sourceTree = "<group>"; };
		ACBD0ED714BBB01A00C2FC3C /* TextFieldCell.h */ = {isa = PBXFileReference; fileEncoding = 4; lastKnownFileType = sourcecode.c.h; path = TextFieldCell.h; sourceTree = "<group>"; };
		ACBD0ED814BBB01A00C2FC3C /* TextFieldCell.m */ = {isa = PBXFileReference; fileEncoding = 4; lastKnownFileType = sourcecode.c.objc; path = TextFieldCell.m; sourceTree = "<group>"; };
		ACBD0EDA14BBB01A00C2FC3C /* GradientBackgroundTable.h */ = {isa = PBXFileReference; fileEncoding = 4; lastKnownFileType = sourcecode.c.h; path = GradientBackgroundTable.h; sourceTree = "<group>"; };
		ACBD0EDB14BBB01A00C2FC3C /* GradientBackgroundTable.m */ = {isa = PBXFileReference; fileEncoding = 4; lastKnownFileType = sourcecode.c.objc; path = GradientBackgroundTable.m; sourceTree = "<group>"; };
		ACBD0EDD14BBB01A00C2FC3C /* DetailDisclosureCell.h */ = {isa = PBXFileReference; fileEncoding = 4; lastKnownFileType = sourcecode.c.h; path = DetailDisclosureCell.h; sourceTree = "<group>"; };
		ACBD0EDE14BBB01A00C2FC3C /* DetailDisclosureCell.m */ = {isa = PBXFileReference; fileEncoding = 4; lastKnownFileType = sourcecode.c.objc; path = DetailDisclosureCell.m; sourceTree = "<group>"; };
		ACBD0EE214BBB01A00C2FC3C /* PageCell.h */ = {isa = PBXFileReference; fileEncoding = 4; lastKnownFileType = sourcecode.c.h; path = PageCell.h; sourceTree = "<group>"; };
		ACBD0EE314BBB01A00C2FC3C /* PageCell.m */ = {isa = PBXFileReference; fileEncoding = 4; lastKnownFileType = sourcecode.c.objc; path = PageCell.m; sourceTree = "<group>"; };
		ACBD0EE414BBB01A00C2FC3C /* PageCellBackground.h */ = {isa = PBXFileReference; fileEncoding = 4; lastKnownFileType = sourcecode.c.h; path = PageCellBackground.h; sourceTree = "<group>"; };
		ACBD0EE514BBB01A00C2FC3C /* PageCellBackground.m */ = {isa = PBXFileReference; fileEncoding = 4; lastKnownFileType = sourcecode.c.objc; path = PageCellBackground.m; sourceTree = "<group>"; };
		ACBD0EE614BBB01A00C2FC3C /* PageViewController.h */ = {isa = PBXFileReference; fileEncoding = 4; lastKnownFileType = sourcecode.c.h; path = PageViewController.h; sourceTree = "<group>"; };
		ACBD0EE714BBB01A00C2FC3C /* PageViewController.m */ = {isa = PBXFileReference; fileEncoding = 4; lastKnownFileType = sourcecode.c.objc; path = PageViewController.m; sourceTree = "<group>"; };
		ACBD0EE914BBB01A00C2FC3C /* RoundRect.h */ = {isa = PBXFileReference; fileEncoding = 4; lastKnownFileType = sourcecode.c.h; path = RoundRect.h; sourceTree = "<group>"; };
		ACBD0EEA14BBB01A00C2FC3C /* RoundRect.m */ = {isa = PBXFileReference; fileEncoding = 4; lastKnownFileType = sourcecode.c.objc; path = RoundRect.m; sourceTree = "<group>"; };
		ACBD0F3814BC2FE200C2FC3C /* LocationDetailViewController.h */ = {isa = PBXFileReference; fileEncoding = 4; lastKnownFileType = sourcecode.c.h; path = LocationDetailViewController.h; sourceTree = "<group>"; };
		ACBD0F3914BC2FE200C2FC3C /* LocationDetailViewController.m */ = {isa = PBXFileReference; fileEncoding = 4; lastKnownFileType = sourcecode.c.objc; path = LocationDetailViewController.m; sourceTree = "<group>"; };
		ACC7983F14A392E700021C5B /* CoreLocation.framework */ = {isa = PBXFileReference; lastKnownFileType = wrapper.framework; name = CoreLocation.framework; path = System/Library/Frameworks/CoreLocation.framework; sourceTree = SDKROOT; };
		ACC7984114A392ED00021C5B /* MapKit.framework */ = {isa = PBXFileReference; lastKnownFileType = wrapper.framework; name = MapKit.framework; path = System/Library/Frameworks/MapKit.framework; sourceTree = SDKROOT; };
		ACC7984314A3930100021C5B /* MapViewController.h */ = {isa = PBXFileReference; fileEncoding = 4; lastKnownFileType = sourcecode.c.h; path = MapViewController.h; sourceTree = "<group>"; };
		ACC7984414A3930100021C5B /* MapViewController.m */ = {isa = PBXFileReference; fileEncoding = 4; lastKnownFileType = sourcecode.c.objc; path = MapViewController.m; sourceTree = "<group>"; };
		ACC7984514A3930100021C5B /* MapViewController.xib */ = {isa = PBXFileReference; fileEncoding = 4; lastKnownFileType = file.xib; path = MapViewController.xib; sourceTree = "<group>"; };
		ACC7992514A4998D00021C5B /* en */ = {isa = PBXFileReference; lastKnownFileType = text.plist.xml; name = en; path = en.lproj/DinnerTypes.plist; sourceTree = "<group>"; };
		ACC7992714A4999700021C5B /* it */ = {isa = PBXFileReference; lastKnownFileType = text.plist.xml; name = it; path = it.lproj/DinnerTypes.plist; sourceTree = "<group>"; };
		ACC7992814A49C2400021C5B /* RifiutiTypes.plist */ = {isa = PBXFileReference; fileEncoding = 4; lastKnownFileType = text.plist.xml; path = RifiutiTypes.plist; sourceTree = "<group>"; };
		ACC7992A14A4C0A300021C5B /* MapAnnotationDefault.h */ = {isa = PBXFileReference; fileEncoding = 4; lastKnownFileType = sourcecode.c.h; path = MapAnnotationDefault.h; sourceTree = "<group>"; };
		ACC7992B14A4C0A400021C5B /* MapAnnotationDefault.m */ = {isa = PBXFileReference; fileEncoding = 4; lastKnownFileType = sourcecode.c.objc; path = MapAnnotationDefault.m; sourceTree = "<group>"; };
		ACF2BEB314A377AD0038F290 /* NerdDinner.app */ = {isa = PBXFileReference; explicitFileType = wrapper.application; includeInIndex = 0; path = NerdDinner.app; sourceTree = BUILT_PRODUCTS_DIR; };
		ACF2BEB714A377AD0038F290 /* UIKit.framework */ = {isa = PBXFileReference; lastKnownFileType = wrapper.framework; name = UIKit.framework; path = System/Library/Frameworks/UIKit.framework; sourceTree = SDKROOT; };
		ACF2BEB914A377AD0038F290 /* Foundation.framework */ = {isa = PBXFileReference; lastKnownFileType = wrapper.framework; name = Foundation.framework; path = System/Library/Frameworks/Foundation.framework; sourceTree = SDKROOT; };
		ACF2BEBB14A377AD0038F290 /* CoreGraphics.framework */ = {isa = PBXFileReference; lastKnownFileType = wrapper.framework; name = CoreGraphics.framework; path = System/Library/Frameworks/CoreGraphics.framework; sourceTree = SDKROOT; };
		ACF2BEBF14A377AE0038F290 /* NerdDinner-Info.plist */ = {isa = PBXFileReference; lastKnownFileType = text.plist.xml; path = "NerdDinner-Info.plist"; sourceTree = "<group>"; };
		ACF2BEC114A377AE0038F290 /* en */ = {isa = PBXFileReference; lastKnownFileType = text.plist.strings; name = en; path = en.lproj/InfoPlist.strings; sourceTree = "<group>"; };
		ACF2BEC314A377AE0038F290 /* main.m */ = {isa = PBXFileReference; lastKnownFileType = sourcecode.c.objc; path = main.m; sourceTree = "<group>"; };
		ACF2BEC514A377AE0038F290 /* NerdDinner-Prefix.pch */ = {isa = PBXFileReference; lastKnownFileType = sourcecode.c.h; path = "NerdDinner-Prefix.pch"; sourceTree = "<group>"; };
		ACF2BEC614A377AE0038F290 /* AppDelegate.h */ = {isa = PBXFileReference; lastKnownFileType = sourcecode.c.h; path = AppDelegate.h; sourceTree = "<group>"; };
		ACF2BEC714A377AE0038F290 /* AppDelegate.m */ = {isa = PBXFileReference; lastKnownFileType = sourcecode.c.objc; path = AppDelegate.m; sourceTree = "<group>"; };
		ACF2BEC914A377AE0038F290 /* MasterViewController.h */ = {isa = PBXFileReference; lastKnownFileType = sourcecode.c.h; path = MasterViewController.h; sourceTree = "<group>"; };
		ACF2BECA14A377AE0038F290 /* MasterViewController.m */ = {isa = PBXFileReference; lastKnownFileType = sourcecode.c.objc; path = MasterViewController.m; sourceTree = "<group>"; };
		ACF2BED014A377AE0038F290 /* en */ = {isa = PBXFileReference; lastKnownFileType = file.xib; name = en; path = en.lproj/MasterViewController.xib; sourceTree = "<group>"; };
		ACF2BEDA14A37FE80038F290 /* MSODataLib.xcodeproj */ = {isa = PBXFileReference; lastKnownFileType = "wrapper.pb-project"; name = MSODataLib.xcodeproj; path = ../../github/OData4ObjC/Framework/src/MSODataLib/MSODataLib.xcodeproj; sourceTree = "<group>"; };
		ACF2BEE414A37FFF0038F290 /* ACSCredential.h */ = {isa = PBXFileReference; fileEncoding = 4; lastKnownFileType = sourcecode.c.h; path = ACSCredential.h; sourceTree = "<group>"; };
		ACF2BEE514A37FFF0038F290 /* ACSUtil.h */ = {isa = PBXFileReference; fileEncoding = 4; lastKnownFileType = sourcecode.c.h; path = ACSUtil.h; sourceTree = "<group>"; };
		ACF2BEE614A37FFF0038F290 /* ACSUtilException.h */ = {isa = PBXFileReference; fileEncoding = 4; lastKnownFileType = sourcecode.c.h; path = ACSUtilException.h; sourceTree = "<group>"; };
		ACF2BEE714A37FFF0038F290 /* AtomEntry.h */ = {isa = PBXFileReference; fileEncoding = 4; lastKnownFileType = sourcecode.c.h; path = AtomEntry.h; sourceTree = "<group>"; };
		ACF2BEE814A37FFF0038F290 /* AtomParser.h */ = {isa = PBXFileReference; fileEncoding = 4; lastKnownFileType = sourcecode.c.h; path = AtomParser.h; sourceTree = "<group>"; };
		ACF2BEE914A37FFF0038F290 /* AzureTableCredential.h */ = {isa = PBXFileReference; fileEncoding = 4; lastKnownFileType = sourcecode.c.h; path = AzureTableCredential.h; sourceTree = "<group>"; };
		ACF2BEEA14A37FFF0038F290 /* AzureTableUtil.h */ = {isa = PBXFileReference; fileEncoding = 4; lastKnownFileType = sourcecode.c.h; path = AzureTableUtil.h; sourceTree = "<group>"; };
		ACF2BEEB14A37FFF0038F290 /* ClientType.h */ = {isa = PBXFileReference; fileEncoding = 4; lastKnownFileType = sourcecode.c.h; path = ClientType.h; sourceTree = "<group>"; };
		ACF2BEEC14A37FFF0038F290 /* constants.h */ = {isa = PBXFileReference; fileEncoding = 4; lastKnownFileType = sourcecode.c.h; path = constants.h; sourceTree = "<group>"; };
		ACF2BEED14A37FFF0038F290 /* ContentStream.h */ = {isa = PBXFileReference; fileEncoding = 4; lastKnownFileType = sourcecode.c.h; path = ContentStream.h; sourceTree = "<group>"; };
		ACF2BEEE14A37FFF0038F290 /* CredentialBase.h */ = {isa = PBXFileReference; fileEncoding = 4; lastKnownFileType = sourcecode.c.h; path = CredentialBase.h; sourceTree = "<group>"; };
		ACF2BEEF14A37FFF0038F290 /* CredentialType.h */ = {isa = PBXFileReference; fileEncoding = 4; lastKnownFileType = sourcecode.c.h; path = CredentialType.h; sourceTree = "<group>"; };
		ACF2BEF014A37FFF0038F290 /* DataServiceQuery.h */ = {isa = PBXFileReference; fileEncoding = 4; lastKnownFileType = sourcecode.c.h; path = DataServiceQuery.h; sourceTree = "<group>"; };
		ACF2BEF114A37FFF0038F290 /* DataServiceQueryContinuation.h */ = {isa = PBXFileReference; fileEncoding = 4; lastKnownFileType = sourcecode.c.h; path = DataServiceQueryContinuation.h; sourceTree = "<group>"; };
		ACF2BEF214A37FFF0038F290 /* DataServiceRequestArgs.h */ = {isa = PBXFileReference; fileEncoding = 4; lastKnownFileType = sourcecode.c.h; path = DataServiceRequestArgs.h; sourceTree = "<group>"; };
		ACF2BEF314A37FFF0038F290 /* DataServiceRequestException.h */ = {isa = PBXFileReference; fileEncoding = 4; lastKnownFileType = sourcecode.c.h; path = DataServiceRequestException.h; sourceTree = "<group>"; };
		ACF2BEF414A37FFF0038F290 /* DataServiceResponse.h */ = {isa = PBXFileReference; fileEncoding = 4; lastKnownFileType = sourcecode.c.h; path = DataServiceResponse.h; sourceTree = "<group>"; };
		ACF2BEF514A37FFF0038F290 /* DataServiceSaveStream.h */ = {isa = PBXFileReference; fileEncoding = 4; lastKnownFileType = sourcecode.c.h; path = DataServiceSaveStream.h; sourceTree = "<group>"; };
		ACF2BEF614A37FFF0038F290 /* DataServiceStreamResponse.h */ = {isa = PBXFileReference; fileEncoding = 4; lastKnownFileType = sourcecode.c.h; path = DataServiceStreamResponse.h; sourceTree = "<group>"; };
		ACF2BEF714A37FFF0038F290 /* Dictionary.h */ = {isa = PBXFileReference; fileEncoding = 4; lastKnownFileType = sourcecode.c.h; path = Dictionary.h; sourceTree = "<group>"; };
		ACF2BEF814A37FFF0038F290 /* HttpBatchRequest.h */ = {isa = PBXFileReference; fileEncoding = 4; lastKnownFileType = sourcecode.c.h; path = HttpBatchRequest.h; sourceTree = "<group>"; };
		ACF2BEF914A37FFF0038F290 /* HttpBatchResponse.h */ = {isa = PBXFileReference; fileEncoding = 4; lastKnownFileType = sourcecode.c.h; path = HttpBatchResponse.h; sourceTree = "<group>"; };
		ACF2BEFA14A37FFF0038F290 /* HTTPHandler.h */ = {isa = PBXFileReference; fileEncoding = 4; lastKnownFileType = sourcecode.c.h; path = HTTPHandler.h; sourceTree = "<group>"; };
		ACF2BEFB14A37FFF0038F290 /* HTTPHeaders.h */ = {isa = PBXFileReference; fileEncoding = 4; lastKnownFileType = sourcecode.c.h; path = HTTPHeaders.h; sourceTree = "<group>"; };
		ACF2BEFC14A37FFF0038F290 /* HttpProxy.h */ = {isa = PBXFileReference; fileEncoding = 4; lastKnownFileType = sourcecode.c.h; path = HttpProxy.h; sourceTree = "<group>"; };
		ACF2BEFD14A37FFF0038F290 /* HttpRequest.h */ = {isa = PBXFileReference; fileEncoding = 4; lastKnownFileType = sourcecode.c.h; path = HttpRequest.h; sourceTree = "<group>"; };
		ACF2BEFE14A37FFF0038F290 /* HttpResponse.h */ = {isa = PBXFileReference; fileEncoding = 4; lastKnownFileType = sourcecode.c.h; path = HttpResponse.h; sourceTree = "<group>"; };
		ACF2BEFF14A37FFF0038F290 /* Microsoft_Http_Response.h */ = {isa = PBXFileReference; fileEncoding = 4; lastKnownFileType = sourcecode.c.h; path = Microsoft_Http_Response.h; sourceTree = "<group>"; };
		ACF2BF0014A37FFF0038F290 /* mProperties.h */ = {isa = PBXFileReference; fileEncoding = 4; lastKnownFileType = sourcecode.c.h; path = mProperties.h; sourceTree = "<group>"; };
		ACF2BF0114A37FFF0038F290 /* MSODataResponseDelegate.h */ = {isa = PBXFileReference; fileEncoding = 4; lastKnownFileType = sourcecode.c.h; path = MSODataResponseDelegate.h; sourceTree = "<group>"; };
		ACF2BF0214A37FFF0038F290 /* ObjectContext.h */ = {isa = PBXFileReference; fileEncoding = 4; lastKnownFileType = sourcecode.c.h; path = ObjectContext.h; sourceTree = "<group>"; };
		ACF2BF0314A37FFF0038F290 /* ObjectContextDelegate.h */ = {isa = PBXFileReference; fileEncoding = 4; lastKnownFileType = sourcecode.c.h; path = ObjectContextDelegate.h; sourceTree = "<group>"; };
		ACF2BF0414A37FFF0038F290 /* ODataBool.h */ = {isa = PBXFileReference; fileEncoding = 4; lastKnownFileType = sourcecode.c.h; path = ODataBool.h; sourceTree = "<group>"; };
		ACF2BF0514A37FFF0038F290 /* ODataDelegate.h */ = {isa = PBXFileReference; fileEncoding = 4; lastKnownFileType = sourcecode.c.h; path = ODataDelegate.h; sourceTree = "<group>"; };
		ACF2BF0614A37FFF0038F290 /* ODataEntity.h */ = {isa = PBXFileReference; fileEncoding = 4; lastKnownFileType = sourcecode.c.h; path = ODataEntity.h; sourceTree = "<group>"; };
		ACF2BF0714A37FFF0038F290 /* ODataGUID.h */ = {isa = PBXFileReference; fileEncoding = 4; lastKnownFileType = sourcecode.c.h; path = ODataGUID.h; sourceTree = "<group>"; };
		ACF2BF0814A37FFF0038F290 /* ODataNameSpace.h */ = {isa = PBXFileReference; fileEncoding = 4; lastKnownFileType = sourcecode.c.h; path = ODataNameSpace.h; sourceTree = "<group>"; };
		ACF2BF0914A37FFF0038F290 /* ODataObject.h */ = {isa = PBXFileReference; fileEncoding = 4; lastKnownFileType = sourcecode.c.h; path = ODataObject.h; sourceTree = "<group>"; };
		ACF2BF0A14A37FFF0038F290 /* ODataRTTI.h */ = {isa = PBXFileReference; fileEncoding = 4; lastKnownFileType = sourcecode.c.h; path = ODataRTTI.h; sourceTree = "<group>"; };
		ACF2BF0B14A37FFF0038F290 /* ODataServiceException.h */ = {isa = PBXFileReference; fileEncoding = 4; lastKnownFileType = sourcecode.c.h; path = ODataServiceException.h; sourceTree = "<group>"; };
		ACF2BF0C14A37FFF0038F290 /* ODataSVC.h */ = {isa = PBXFileReference; fileEncoding = 4; lastKnownFileType = sourcecode.c.h; path = ODataSVC.h; sourceTree = "<group>"; };
		ACF2BF0D14A37FFF0038F290 /* ODataXMLElements.h */ = {isa = PBXFileReference; fileEncoding = 4; lastKnownFileType = sourcecode.c.h; path = ODataXMLElements.h; sourceTree = "<group>"; };
		ACF2BF0E14A37FFF0038F290 /* ODataXMlParser.h */ = {isa = PBXFileReference; fileEncoding = 4; lastKnownFileType = sourcecode.c.h; path = ODataXMlParser.h; sourceTree = "<group>"; };
		ACF2BF0F14A37FFF0038F290 /* OperationResponse.h */ = {isa = PBXFileReference; fileEncoding = 4; lastKnownFileType = sourcecode.c.h; path = OperationResponse.h; sourceTree = "<group>"; };
		ACF2BF1014A37FFF0038F290 /* Pair.h */ = {isa = PBXFileReference; fileEncoding = 4; lastKnownFileType = sourcecode.c.h; path = Pair.h; sourceTree = "<group>"; };
		ACF2BF1114A37FFF0038F290 /* QueryComponents.h */ = {isa = PBXFileReference; fileEncoding = 4; lastKnownFileType = sourcecode.c.h; path = QueryComponents.h; sourceTree = "<group>"; };
		ACF2BF1214A37FFF0038F290 /* QueryOperationResponse.h */ = {isa = PBXFileReference; fileEncoding = 4; lastKnownFileType = sourcecode.c.h; path = QueryOperationResponse.h; sourceTree = "<group>"; };
		ACF2BF1314A37FFF0038F290 /* RelatedEnd.h */ = {isa = PBXFileReference; fileEncoding = 4; lastKnownFileType = sourcecode.c.h; path = RelatedEnd.h; sourceTree = "<group>"; };
		ACF2BF1414A37FFF0038F290 /* ResourceBox.h */ = {isa = PBXFileReference; fileEncoding = 4; lastKnownFileType = sourcecode.c.h; path = ResourceBox.h; sourceTree = "<group>"; };
		ACF2BF1514A37FFF0038F290 /* SaveResult.h */ = {isa = PBXFileReference; fileEncoding = 4; lastKnownFileType = sourcecode.c.h; path = SaveResult.h; sourceTree = "<group>"; };
		ACF2BF1614A37FFF0038F290 /* TableEntry.h */ = {isa = PBXFileReference; fileEncoding = 4; lastKnownFileType = sourcecode.c.h; path = TableEntry.h; sourceTree = "<group>"; };
		ACF2BF1714A37FFF0038F290 /* Tables.h */ = {isa = PBXFileReference; fileEncoding = 4; lastKnownFileType = sourcecode.c.h; path = Tables.h; sourceTree = "<group>"; };
		ACF2BF1814A37FFF0038F290 /* Utility.h */ = {isa = PBXFileReference; fileEncoding = 4; lastKnownFileType = sourcecode.c.h; path = Utility.h; sourceTree = "<group>"; };
		ACF2BF1914A37FFF0038F290 /* WindowsCredential.h */ = {isa = PBXFileReference; fileEncoding = 4; lastKnownFileType = sourcecode.c.h; path = WindowsCredential.h; sourceTree = "<group>"; };
		ACF2BF1A14A37FFF0038F290 /* XMLBuilder.h */ = {isa = PBXFileReference; fileEncoding = 4; lastKnownFileType = sourcecode.c.h; path = XMLBuilder.h; sourceTree = "<group>"; };
		ACF2BF1B14A37FFF0038F290 /* XMLGenerator.h */ = {isa = PBXFileReference; fileEncoding = 4; lastKnownFileType = sourcecode.c.h; path = XMLGenerator.h; sourceTree = "<group>"; };
/* End PBXFileReference section */

/* Begin PBXFrameworksBuildPhase section */
		ACF2BEB014A377AD0038F290 /* Frameworks */ = {
			isa = PBXFrameworksBuildPhase;
			buildActionMask = 2147483647;
			files = (
				ACC7984214A392ED00021C5B /* MapKit.framework in Frameworks */,
				ACC7984014A392E700021C5B /* CoreLocation.framework in Frameworks */,
				ACF2BF2014A380A30038F290 /* libMSODataLib.a in Frameworks */,
				ACF2BEB814A377AD0038F290 /* UIKit.framework in Frameworks */,
				ACF2BEBA14A377AD0038F290 /* Foundation.framework in Frameworks */,
				ACF2BEBC14A377AD0038F290 /* CoreGraphics.framework in Frameworks */,
			);
			runOnlyForDeploymentPostprocessing = 0;
		};
/* End PBXFrameworksBuildPhase section */

/* Begin PBXGroup section */
		AC30DBD914BAF29400BA5751 /* Cell */ = {
			isa = PBXGroup;
			children = (
				AC66CE5414BF9E9F0098E1F1 /* IndividualSubviewsBasedApplicationCell.xib */,
				AC66CE3D14BF9E740098E1F1 /* ApplicationCell.h */,
				AC66CE3E14BF9E740098E1F1 /* ApplicationCell.m */,
				AC66CE3F14BF9E740098E1F1 /* CompositeSubviewBasedApplicationCell.h */,
				AC66CE4014BF9E740098E1F1 /* CompositeSubviewBasedApplicationCell.m */,
				AC66CE4114BF9E740098E1F1 /* HybridSubviewBasedApplicationCell.h */,
				AC66CE4214BF9E740098E1F1 /* HybridSubviewBasedApplicationCell.m */,
				AC66CE4314BF9E740098E1F1 /* IndividualSubviewsBasedApplicationCell.h */,
				AC66CE4414BF9E740098E1F1 /* IndividualSubviewsBasedApplicationCell.m */,
				AC66CE4514BF9E740098E1F1 /* RatingView.h */,
				AC66CE4614BF9E740098E1F1 /* RatingView.m */,
			);
			name = Cell;
			path = ..;
			sourceTree = "<group>";
		};
		AC66CF2914C247070098E1F1 /* Images */ = {
			isa = PBXGroup;
			children = (
				AC66CF2514C246FF0098E1F1 /* Default.png */,
				AC66CF2614C246FF0098E1F1 /* Default@2X.png */,
				AC66CF1514C246F30098E1F1 /* Icon-72.png */,
				AC66CF1614C246F30098E1F1 /* Icon-Small-50.png */,
				AC66CF1714C246F30098E1F1 /* Icon-Small.png */,
				AC66CF1814C246F30098E1F1 /* Icon-Small@2x.png */,
				AC66CF1914C246F30098E1F1 /* Icon.png */,
				AC66CF1A14C246F30098E1F1 /* Icon@2x.png */,
				AC66CF1B14C246F30098E1F1 /* Icon512px.png */,
				AC66CF1C14C246F30098E1F1 /* iTunesArtwork */,
			);
			name = Images;
			sourceTree = "<group>";
		};
		AC7CF85C14BAF89300AC5F92 /* Resources */ = {
			isa = PBXGroup;
			children = (
				AC66CF2914C247070098E1F1 /* Images */,
				AC66CED614C222470098E1F1 /* Dinner.png */,
				AC66CED414C21E4F0098E1F1 /* License.rtf */,
				AC66CE4C14BF9E860098E1F1 /* DarkBackground.png */,
				AC66CE4D14BF9E860098E1F1 /* LightBackground.png */,
				AC66CE4E14BF9E860098E1F1 /* StarsBackground.png */,
				AC66CE4F14BF9E860098E1F1 /* StarsForeground.png */,
			);
			name = Resources;
			path = ..;
			sourceTree = "<group>";
		};
		AC7CF87814BAFEE300AC5F92 /* ProgressHUD */ = {
			isa = PBXGroup;
			children = (
				AC7CF87514BAFEDD00AC5F92 /* GradientButton.h */,
				AC7CF87614BAFEDD00AC5F92 /* GradientButton.m */,
				AC7CF87114BAFBEE00AC5F92 /* MBProgressHUD.h */,
				AC7CF87214BAFBEE00AC5F92 /* MBProgressHUD.m */,
			);
			name = ProgressHUD;
			sourceTree = "<group>";
		};
		ACBD0E6D14BBAEAC00C2FC3C /* PageView */ = {
			isa = PBXGroup;
			children = (
				ACBD0ECC14BBB01A00C2FC3C /* Custom Cells */,
				ACBD0ED914BBB01A00C2FC3C /* Custom Views */,
				ACBD0EDC14BBB01A00C2FC3C /* Detail View */,
				ACBD0EE114BBB01A00C2FC3C /* PageView Hierarchy */,
				ACBD0EE814BBB01A00C2FC3C /* Utility */,
			);
			name = PageView;
			sourceTree = "<group>";
		};
		ACBD0ECC14BBB01A00C2FC3C /* Custom Cells */ = {
			isa = PBXGroup;
			children = (
				ACBD0ECD14BBB01A00C2FC3C /* ButtonCell.h */,
				ACBD0ECE14BBB01A00C2FC3C /* ButtonCell.m */,
				ACBD0ECF14BBB01A00C2FC3C /* ButtonCell.xib */,
				ACBD0ED014BBB01A00C2FC3C /* LabelCell+Selectable.h */,
				ACBD0ED114BBB01A00C2FC3C /* LabelCell+Selectable.m */,
				ACBD0ED214BBB01A00C2FC3C /* LabelCell.h */,
				ACBD0ED314BBB01A00C2FC3C /* LabelCell.m */,
				ACBD0ED414BBB01A00C2FC3C /* NibCell.xib */,
				ACBD0ED514BBB01A00C2FC3C /* NibLoadedCell.h */,
				ACBD0ED614BBB01A00C2FC3C /* NibLoadedCell.m */,
				ACBD0ED714BBB01A00C2FC3C /* TextFieldCell.h */,
				ACBD0ED814BBB01A00C2FC3C /* TextFieldCell.m */,
			);
			name = "Custom Cells";
			path = "../../sources/TableDesignRevisited/Classes/PageView/Custom Cells";
			sourceTree = "<group>";
		};
		ACBD0ED914BBB01A00C2FC3C /* Custom Views */ = {
			isa = PBXGroup;
			children = (
				ACBD0EDA14BBB01A00C2FC3C /* GradientBackgroundTable.h */,
				ACBD0EDB14BBB01A00C2FC3C /* GradientBackgroundTable.m */,
			);
			name = "Custom Views";
			path = "../../sources/TableDesignRevisited/Classes/PageView/Custom Views";
			sourceTree = "<group>";
		};
		ACBD0EDC14BBB01A00C2FC3C /* Detail View */ = {
			isa = PBXGroup;
			children = (
				ACBD0EDD14BBB01A00C2FC3C /* DetailDisclosureCell.h */,
				ACBD0EDE14BBB01A00C2FC3C /* DetailDisclosureCell.m */,
			);
			name = "Detail View";
			path = "../../sources/TableDesignRevisited/Classes/PageView/Detail View";
			sourceTree = "<group>";
		};
		ACBD0EE114BBB01A00C2FC3C /* PageView Hierarchy */ = {
			isa = PBXGroup;
			children = (
				ACBD0EE214BBB01A00C2FC3C /* PageCell.h */,
				ACBD0EE314BBB01A00C2FC3C /* PageCell.m */,
				ACBD0EE414BBB01A00C2FC3C /* PageCellBackground.h */,
				ACBD0EE514BBB01A00C2FC3C /* PageCellBackground.m */,
				ACBD0EE614BBB01A00C2FC3C /* PageViewController.h */,
				ACBD0EE714BBB01A00C2FC3C /* PageViewController.m */,
			);
			name = "PageView Hierarchy";
			path = "../../sources/TableDesignRevisited/Classes/PageView/PageView Hierarchy";
			sourceTree = "<group>";
		};
		ACBD0EE814BBB01A00C2FC3C /* Utility */ = {
			isa = PBXGroup;
			children = (
				ACBD0EE914BBB01A00C2FC3C /* RoundRect.h */,
				ACBD0EEA14BBB01A00C2FC3C /* RoundRect.m */,
			);
			name = Utility;
			path = ../../sources/TableDesignRevisited/Classes/PageView/Utility;
			sourceTree = "<group>";
		};
		ACF2BEA814A377AD0038F290 = {
			isa = PBXGroup;
			children = (
				ACF2BEDA14A37FE80038F290 /* MSODataLib.xcodeproj */,
				ACBD0E6D14BBAEAC00C2FC3C /* PageView */,
				AC7CF87814BAFEE300AC5F92 /* ProgressHUD */,
				ACF2BF1C14A3804C0038F290 /* OData */,
				ACF2BEBD14A377AE0038F290 /* NerdDinner */,
				ACF2BEB614A377AD0038F290 /* Frameworks */,
				ACF2BEB414A377AD0038F290 /* Products */,
			);
			sourceTree = "<group>";
		};
		ACF2BEB414A377AD0038F290 /* Products */ = {
			isa = PBXGroup;
			children = (
				ACF2BEB314A377AD0038F290 /* NerdDinner.app */,
			);
			name = Products;
			sourceTree = "<group>";
		};
		ACF2BEB614A377AD0038F290 /* Frameworks */ = {
			isa = PBXGroup;
			children = (
				ACC7984114A392ED00021C5B /* MapKit.framework */,
				ACC7983F14A392E700021C5B /* CoreLocation.framework */,
				ACF2BEB714A377AD0038F290 /* UIKit.framework */,
				ACF2BEB914A377AD0038F290 /* Foundation.framework */,
				ACF2BEBB14A377AD0038F290 /* CoreGraphics.framework */,
			);
			name = Frameworks;
			sourceTree = "<group>";
		};
		ACF2BEBD14A377AE0038F290 /* NerdDinner */ = {
			isa = PBXGroup;
			children = (
				AC30DBD914BAF29400BA5751 /* Cell */,
				ACF2BEC614A377AE0038F290 /* AppDelegate.h */,
				ACF2BEC714A377AE0038F290 /* AppDelegate.m */,
				ACF2BEC914A377AE0038F290 /* MasterViewController.h */,
				ACF2BECA14A377AE0038F290 /* MasterViewController.m */,
				ACBD0F3814BC2FE200C2FC3C /* LocationDetailViewController.h */,
				ACBD0F3914BC2FE200C2FC3C /* LocationDetailViewController.m */,
				ACC7984314A3930100021C5B /* MapViewController.h */,
				ACC7984414A3930100021C5B /* MapViewController.m */,
				ACF2BECF14A377AE0038F290 /* MasterViewController.xib */,
				ACC7984514A3930100021C5B /* MapViewController.xib */,
				ACC7992A14A4C0A300021C5B /* MapAnnotationDefault.h */,
				ACC7992B14A4C0A400021C5B /* MapAnnotationDefault.m */,
				AC7CF85C14BAF89300AC5F92 /* Resources */,
				ACF2BEBE14A377AE0038F290 /* Supporting Files */,
			);
			path = NerdDinner;
			sourceTree = "<group>";
		};
		ACF2BEBE14A377AE0038F290 /* Supporting Files */ = {
			isa = PBXGroup;
			children = (
				ACF2BEBF14A377AE0038F290 /* NerdDinner-Info.plist */,
				ACF2BEC014A377AE0038F290 /* InfoPlist.strings */,
				ACF2BEC314A377AE0038F290 /* main.m */,
				ACF2BEC514A377AE0038F290 /* NerdDinner-Prefix.pch */,
				ACC7992414A4998D00021C5B /* DinnerTypes.plist */,
				ACC7992814A49C2400021C5B /* RifiutiTypes.plist */,
			);
			name = "Supporting Files";
			sourceTree = "<group>";
		};
		ACF2BEDB14A37FE80038F290 /* Products */ = {
			isa = PBXGroup;
			children = (
				ACF2BEE214A37FE90038F290 /* libMSODataLib.a */,
			);
			name = Products;
			sourceTree = "<group>";
		};
		ACF2BEE314A37FFF0038F290 /* include */ = {
			isa = PBXGroup;
			children = (
				ACF2BEE414A37FFF0038F290 /* ACSCredential.h */,
				ACF2BEE514A37FFF0038F290 /* ACSUtil.h */,
				ACF2BEE614A37FFF0038F290 /* ACSUtilException.h */,
				ACF2BEE714A37FFF0038F290 /* AtomEntry.h */,
				ACF2BEE814A37FFF0038F290 /* AtomParser.h */,
				ACF2BEE914A37FFF0038F290 /* AzureTableCredential.h */,
				ACF2BEEA14A37FFF0038F290 /* AzureTableUtil.h */,
				ACF2BEEB14A37FFF0038F290 /* ClientType.h */,
				ACF2BEEC14A37FFF0038F290 /* constants.h */,
				ACF2BEED14A37FFF0038F290 /* ContentStream.h */,
				ACF2BEEE14A37FFF0038F290 /* CredentialBase.h */,
				ACF2BEEF14A37FFF0038F290 /* CredentialType.h */,
				ACF2BEF014A37FFF0038F290 /* DataServiceQuery.h */,
				ACF2BEF114A37FFF0038F290 /* DataServiceQueryContinuation.h */,
				ACF2BEF214A37FFF0038F290 /* DataServiceRequestArgs.h */,
				ACF2BEF314A37FFF0038F290 /* DataServiceRequestException.h */,
				ACF2BEF414A37FFF0038F290 /* DataServiceResponse.h */,
				ACF2BEF514A37FFF0038F290 /* DataServiceSaveStream.h */,
				ACF2BEF614A37FFF0038F290 /* DataServiceStreamResponse.h */,
				ACF2BEF714A37FFF0038F290 /* Dictionary.h */,
				ACF2BEF814A37FFF0038F290 /* HttpBatchRequest.h */,
				ACF2BEF914A37FFF0038F290 /* HttpBatchResponse.h */,
				ACF2BEFA14A37FFF0038F290 /* HTTPHandler.h */,
				ACF2BEFB14A37FFF0038F290 /* HTTPHeaders.h */,
				ACF2BEFC14A37FFF0038F290 /* HttpProxy.h */,
				ACF2BEFD14A37FFF0038F290 /* HttpRequest.h */,
				ACF2BEFE14A37FFF0038F290 /* HttpResponse.h */,
				ACF2BEFF14A37FFF0038F290 /* Microsoft_Http_Response.h */,
				ACF2BF0014A37FFF0038F290 /* mProperties.h */,
				ACF2BF0114A37FFF0038F290 /* MSODataResponseDelegate.h */,
				ACF2BF0214A37FFF0038F290 /* ObjectContext.h */,
				ACF2BF0314A37FFF0038F290 /* ObjectContextDelegate.h */,
				ACF2BF0414A37FFF0038F290 /* ODataBool.h */,
				ACF2BF0514A37FFF0038F290 /* ODataDelegate.h */,
				ACF2BF0614A37FFF0038F290 /* ODataEntity.h */,
				ACF2BF0714A37FFF0038F290 /* ODataGUID.h */,
				ACF2BF0814A37FFF0038F290 /* ODataNameSpace.h */,
				ACF2BF0914A37FFF0038F290 /* ODataObject.h */,
				ACF2BF0A14A37FFF0038F290 /* ODataRTTI.h */,
				ACF2BF0B14A37FFF0038F290 /* ODataServiceException.h */,
				ACF2BF0C14A37FFF0038F290 /* ODataSVC.h */,
				ACF2BF0D14A37FFF0038F290 /* ODataXMLElements.h */,
				ACF2BF0E14A37FFF0038F290 /* ODataXMlParser.h */,
				ACF2BF0F14A37FFF0038F290 /* OperationResponse.h */,
				ACF2BF1014A37FFF0038F290 /* Pair.h */,
				ACF2BF1114A37FFF0038F290 /* QueryComponents.h */,
				ACF2BF1214A37FFF0038F290 /* QueryOperationResponse.h */,
				ACF2BF1314A37FFF0038F290 /* RelatedEnd.h */,
				ACF2BF1414A37FFF0038F290 /* ResourceBox.h */,
				ACF2BF1514A37FFF0038F290 /* SaveResult.h */,
				ACF2BF1614A37FFF0038F290 /* TableEntry.h */,
				ACF2BF1714A37FFF0038F290 /* Tables.h */,
				ACF2BF1814A37FFF0038F290 /* Utility.h */,
				ACF2BF1914A37FFF0038F290 /* WindowsCredential.h */,
				ACF2BF1A14A37FFF0038F290 /* XMLBuilder.h */,
				ACF2BF1B14A37FFF0038F290 /* XMLGenerator.h */,
			);
			name = include;
			path = ../../github/OData4ObjC/Framework/bin/odatalib/include;
			sourceTree = "<group>";
		};
		ACF2BF1C14A3804C0038F290 /* OData */ = {
			isa = PBXGroup;
			children = (
				AC30DBBA14BAE10D00BA5751 /* NerdDinners.h */,
				AC30DBBB14BAE10D00BA5751 /* NerdDinners.m */,
				ACF2BEE314A37FFF0038F290 /* include */,
			);
			name = OData;
			sourceTree = "<group>";
		};
/* End PBXGroup section */

/* Begin PBXNativeTarget section */
		ACF2BEB214A377AD0038F290 /* NerdDinner */ = {
			isa = PBXNativeTarget;
			buildConfigurationList = ACF2BED714A377AE0038F290 /* Build configuration list for PBXNativeTarget "NerdDinner" */;
			buildPhases = (
				ACF2BEAF14A377AD0038F290 /* Sources */,
				ACF2BEB014A377AD0038F290 /* Frameworks */,
				ACF2BEB114A377AD0038F290 /* Resources */,
				AC66CE3C14BF71340098E1F1 /* ShellScript */,
			);
			buildRules = (
			);
			dependencies = (
			);
			name = NerdDinner;
			productName = NerdDinner;
			productReference = ACF2BEB314A377AD0038F290 /* NerdDinner.app */;
			productType = "com.apple.product-type.application";
		};
/* End PBXNativeTarget section */

/* Begin PBXProject section */
		ACF2BEAA14A377AD0038F290 /* Project object */ = {
			isa = PBXProject;
			attributes = {
				LastUpgradeCheck = 0420;
				ORGANIZATIONNAME = "Giovanni Maggini";
			};
			buildConfigurationList = ACF2BEAD14A377AD0038F290 /* Build configuration list for PBXProject "NerdDinner" */;
			compatibilityVersion = "Xcode 3.2";
			developmentRegion = English;
			hasScannedForEncodings = 0;
			knownRegions = (
				en,
				it,
			);
			mainGroup = ACF2BEA814A377AD0038F290;
			productRefGroup = ACF2BEB414A377AD0038F290 /* Products */;
			projectDirPath = "";
			projectReferences = (
				{
					ProductGroup = ACF2BEDB14A37FE80038F290 /* Products */;
					ProjectRef = ACF2BEDA14A37FE80038F290 /* MSODataLib.xcodeproj */;
				},
			);
			projectRoot = "";
			targets = (
				ACF2BEB214A377AD0038F290 /* NerdDinner */,
			);
		};
/* End PBXProject section */

/* Begin PBXReferenceProxy section */
		ACF2BEE214A37FE90038F290 /* libMSODataLib.a */ = {
			isa = PBXReferenceProxy;
			fileType = archive.ar;
			path = libMSODataLib.a;
			remoteRef = ACF2BEE114A37FE90038F290 /* PBXContainerItemProxy */;
			sourceTree = BUILT_PRODUCTS_DIR;
		};
/* End PBXReferenceProxy section */

/* Begin PBXResourcesBuildPhase section */
		ACF2BEB114A377AD0038F290 /* Resources */ = {
			isa = PBXResourcesBuildPhase;
			buildActionMask = 2147483647;
			files = (
				ACF2BEC214A377AE0038F290 /* InfoPlist.strings in Resources */,
				ACF2BED114A377AE0038F290 /* MasterViewController.xib in Resources */,
				ACC7984714A3930200021C5B /* MapViewController.xib in Resources */,
				ACC7992614A4998D00021C5B /* DinnerTypes.plist in Resources */,
				ACC7992914A49C2400021C5B /* RifiutiTypes.plist in Resources */,
				ACBD0EEC14BBB01A00C2FC3C /* ButtonCell.xib in Resources */,
				ACBD0EEF14BBB01A00C2FC3C /* NibCell.xib in Resources */,
				AC66CE5014BF9E860098E1F1 /* DarkBackground.png in Resources */,
				AC66CE5114BF9E860098E1F1 /* LightBackground.png in Resources */,
				AC66CE5214BF9E860098E1F1 /* StarsBackground.png in Resources */,
				AC66CE5314BF9E860098E1F1 /* StarsForeground.png in Resources */,
				AC66CE5514BF9E9F0098E1F1 /* IndividualSubviewsBasedApplicationCell.xib in Resources */,
				AC66CED514C21E500098E1F1 /* License.rtf in Resources */,
				AC66CED714C222470098E1F1 /* Dinner.png in Resources */,
				AC66CF1D14C246F30098E1F1 /* Icon-72.png in Resources */,
				AC66CF1E14C246F30098E1F1 /* Icon-Small-50.png in Resources */,
				AC66CF1F14C246F30098E1F1 /* Icon-Small.png in Resources */,
				AC66CF2014C246F30098E1F1 /* Icon-Small@2x.png in Resources */,
				AC66CF2114C246F30098E1F1 /* Icon.png in Resources */,
				AC66CF2214C246F30098E1F1 /* Icon@2x.png in Resources */,
				AC66CF2314C246F30098E1F1 /* Icon512px.png in Resources */,
				AC66CF2414C246F30098E1F1 /* iTunesArtwork in Resources */,
				AC66CF2714C246FF0098E1F1 /* Default.png in Resources */,
				AC66CF2814C246FF0098E1F1 /* Default@2X.png in Resources */,
			);
			runOnlyForDeploymentPostprocessing = 0;
		};
/* End PBXResourcesBuildPhase section */

/* Begin PBXShellScriptBuildPhase section */
		AC66CE3C14BF71340098E1F1 /* ShellScript */ = {
			isa = PBXShellScriptBuildPhase;
			buildActionMask = 2147483647;
			files = (
			);
			inputPaths = (
			);
			outputPaths = (
			);
			runOnlyForDeploymentPostprocessing = 0;
			shellPath = /bin/sh;
			shellScript = "KEYWORDS=\"TODO:|FIXME:|\\?\\?\\?:|\\!\\!\\!:\"\n\nfind \"${SRCROOT}\" \\( -name \"*.h\" -or -name \"*.m\" \\) -print0 | xargs -0 egrep --with-filename --line-number --only-matching \"($KEYWORDS).*\\$\" | perl -p -e \"s/($KEYWORDS)/ warning: \\$1/\"\n";
		};
/* End PBXShellScriptBuildPhase section */

/* Begin PBXSourcesBuildPhase section */
		ACF2BEAF14A377AD0038F290 /* Sources */ = {
			isa = PBXSourcesBuildPhase;
			buildActionMask = 2147483647;
			files = (
				ACF2BEC414A377AE0038F290 /* main.m in Sources */,
				ACF2BEC814A377AE0038F290 /* AppDelegate.m in Sources */,
				ACF2BECB14A377AE0038F290 /* MasterViewController.m in Sources */,
				ACC7984614A3930200021C5B /* MapViewController.m in Sources */,
				ACC7992C14A4C0A400021C5B /* MapAnnotationDefault.m in Sources */,
				AC30DBBC14BAE10D00BA5751 /* NerdDinners.m in Sources */,
				AC7CF87314BAFBEE00AC5F92 /* MBProgressHUD.m in Sources */,
				AC7CF87714BAFEDE00AC5F92 /* GradientButton.m in Sources */,
				ACBD0EEB14BBB01A00C2FC3C /* ButtonCell.m in Sources */,
				ACBD0EED14BBB01A00C2FC3C /* LabelCell+Selectable.m in Sources */,
				ACBD0EEE14BBB01A00C2FC3C /* LabelCell.m in Sources */,
				ACBD0EF014BBB01A00C2FC3C /* NibLoadedCell.m in Sources */,
				ACBD0EF114BBB01A00C2FC3C /* TextFieldCell.m in Sources */,
				ACBD0EF214BBB01A00C2FC3C /* GradientBackgroundTable.m in Sources */,
				ACBD0EF314BBB01A00C2FC3C /* DetailDisclosureCell.m in Sources */,
				ACBD0EF514BBB01A00C2FC3C /* PageCell.m in Sources */,
				ACBD0EF614BBB01A00C2FC3C /* PageCellBackground.m in Sources */,
				ACBD0EF714BBB01A00C2FC3C /* PageViewController.m in Sources */,
				ACBD0EF814BBB01A00C2FC3C /* RoundRect.m in Sources */,
				ACBD0F3A14BC2FE200C2FC3C /* LocationDetailViewController.m in Sources */,
				AC66CE4714BF9E740098E1F1 /* ApplicationCell.m in Sources */,
				AC66CE4814BF9E740098E1F1 /* CompositeSubviewBasedApplicationCell.m in Sources */,
				AC66CE4914BF9E740098E1F1 /* HybridSubviewBasedApplicationCell.m in Sources */,
				AC66CE4A14BF9E740098E1F1 /* IndividualSubviewsBasedApplicationCell.m in Sources */,
				AC66CE4B14BF9E740098E1F1 /* RatingView.m in Sources */,
			);
			runOnlyForDeploymentPostprocessing = 0;
		};
/* End PBXSourcesBuildPhase section */

/* Begin PBXVariantGroup section */
		ACC7992414A4998D00021C5B /* DinnerTypes.plist */ = {
			isa = PBXVariantGroup;
			children = (
				ACC7992514A4998D00021C5B /* en */,
				ACC7992714A4999700021C5B /* it */,
			);
			name = DinnerTypes.plist;
			sourceTree = "<group>";
		};
		ACF2BEC014A377AE0038F290 /* InfoPlist.strings */ = {
			isa = PBXVariantGroup;
			children = (
				ACF2BEC114A377AE0038F290 /* en */,
			);
			name = InfoPlist.strings;
			sourceTree = "<group>";
		};
		ACF2BECF14A377AE0038F290 /* MasterViewController.xib */ = {
			isa = PBXVariantGroup;
			children = (
				ACF2BED014A377AE0038F290 /* en */,
			);
			name = MasterViewController.xib;
			sourceTree = "<group>";
		};
/* End PBXVariantGroup section */

/* Begin XCBuildConfiguration section */
		ACF2BED514A377AE0038F290 /* Debug */ = {
			isa = XCBuildConfiguration;
			buildSettings = {
				ALWAYS_SEARCH_USER_PATHS = NO;
				ARCHS = "$(ARCHS_STANDARD_32_BIT)";
				"CODE_SIGN_IDENTITY[sdk=iphoneos*]" = "iPhone Developer";
				COPY_PHASE_STRIP = NO;
				GCC_C_LANGUAGE_STANDARD = gnu99;
				GCC_DYNAMIC_NO_PIC = NO;
				GCC_OPTIMIZATION_LEVEL = 0;
				GCC_PREPROCESSOR_DEFINITIONS = (
					"DEBUG=1",
					"$(inherited)",
				);
				GCC_SYMBOLS_PRIVATE_EXTERN = NO;
				GCC_VERSION = com.apple.compilers.llvmgcc42;
				GCC_WARN_ABOUT_MISSING_PROTOTYPES = YES;
				GCC_WARN_ABOUT_RETURN_TYPE = YES;
				GCC_WARN_UNUSED_VARIABLE = YES;
				IPHONEOS_DEPLOYMENT_TARGET = 4.2;
				SDKROOT = iphoneos;
			};
			name = Debug;
		};
		ACF2BED614A377AE0038F290 /* Release */ = {
			isa = XCBuildConfiguration;
			buildSettings = {
				ALWAYS_SEARCH_USER_PATHS = NO;
				ARCHS = "$(ARCHS_STANDARD_32_BIT)";
				"CODE_SIGN_IDENTITY[sdk=iphoneos*]" = "iPhone Developer";
				COPY_PHASE_STRIP = YES;
				GCC_C_LANGUAGE_STANDARD = gnu99;
				GCC_VERSION = com.apple.compilers.llvmgcc42;
				GCC_WARN_ABOUT_MISSING_PROTOTYPES = YES;
				GCC_WARN_ABOUT_RETURN_TYPE = YES;
				GCC_WARN_UNUSED_VARIABLE = YES;
				IPHONEOS_DEPLOYMENT_TARGET = 4.2;
				OTHER_CFLAGS = "-DNS_BLOCK_ASSERTIONS=1";
				SDKROOT = iphoneos;
				VALIDATE_PRODUCT = YES;
			};
			name = Release;
		};
		ACF2BED814A377AE0038F290 /* Debug */ = {
			isa = XCBuildConfiguration;
			buildSettings = {
				GCC_PRECOMPILE_PREFIX_HEADER = YES;
				GCC_PREFIX_HEADER = "NerdDinner/NerdDinner-Prefix.pch";
				INFOPLIST_FILE = "NerdDinner/NerdDinner-Info.plist";
				PRODUCT_NAME = "$(TARGET_NAME)";
				WRAPPER_EXTENSION = app;
			};
			name = Debug;
		};
		ACF2BED914A377AE0038F290 /* Release */ = {
			isa = XCBuildConfiguration;
			buildSettings = {
				GCC_PRECOMPILE_PREFIX_HEADER = YES;
				GCC_PREFIX_HEADER = "NerdDinner/NerdDinner-Prefix.pch";
				INFOPLIST_FILE = "NerdDinner/NerdDinner-Info.plist";
				PRODUCT_NAME = "$(TARGET_NAME)";
				WRAPPER_EXTENSION = app;
			};
			name = Release;
		};
/* End XCBuildConfiguration section */

/* Begin XCConfigurationList section */
		ACF2BEAD14A377AD0038F290 /* Build configuration list for PBXProject "NerdDinner" */ = {
			isa = XCConfigurationList;
			buildConfigurations = (
				ACF2BED514A377AE0038F290 /* Debug */,
				ACF2BED614A377AE0038F290 /* Release */,
			);
			defaultConfigurationIsVisible = 0;
			defaultConfigurationName = Release;
		};
		ACF2BED714A377AE0038F290 /* Build configuration list for PBXNativeTarget "NerdDinner" */ = {
			isa = XCConfigurationList;
			buildConfigurations = (
				ACF2BED814A377AE0038F290 /* Debug */,
				ACF2BED914A377AE0038F290 /* Release */,
			);
			defaultConfigurationIsVisible = 0;
			defaultConfigurationName = Release;
		};
/* End XCConfigurationList section */
	};
	rootObject = ACF2BEAA14A377AD0038F290 /* Project object */;
}
